
Microsoft Visual Studio Solution File, Format Version 12.00
# Visual Studio Version 17
VisualStudioVersion = 17.11.35312.102
MinimumVisualStudioVersion = 10.0.40219.1
Project("{FAE04EC0-301F-11D3-BF4B-00C04F79EFBC}") = "Sem10 - Ejercicio#10", "Sem10 - Ejercicio#10\Sem10 - Ejercicio#10.csproj", "{FA387FFE-435D-4175-A66E-9209B6621CCD}"
EndProject
Global
	GlobalSection(SolutionConfigurationPlatforms) = preSolution
		Debug|Any CPU = Debug|Any CPU
		Release|Any CPU = Release|Any CPU
	EndGlobalSection
	GlobalSection(ProjectConfigurationPlatforms) = postSolution
		{FA387FFE-435D-4175-A66E-9209B6621CCD}.Debug|Any CPU.ActiveCfg = Debug|Any CPU
		{FA387FFE-435D-4175-A66E-9209B6621CCD}.Debug|Any CPU.Build.0 = Debug|Any CPU
		{FA387FFE-435D-4175-A66E-9209B6621CCD}.Release|Any CPU.ActiveCfg = Release|Any CPU
		{FA387FFE-435D-4175-A66E-9209B6621CCD}.Release|Any CPU.Build.0 = Release|Any CPU
	EndGlobalSection
	GlobalSection(SolutionProperties) = preSolution
		HideSolutionNode = FALSE
	EndGlobalSection
	GlobalSection(ExtensibilityGlobals) = postSolution
		SolutionGuid = {D6E6E13E-FA2D-48DE-A3ED-7A755B741B94}
	EndGlobalSection
EndGlobal
